
Microsoft Visual Studio Solution File, Format Version 12.00
# Visual Studio Version 17
VisualStudioVersion = 17.11.35327.3
MinimumVisualStudioVersion = 10.0.40219.1
Project("{FAE04EC0-301F-11D3-BF4B-00C04F79EFBC}") = "Asp.Net Core Empty", "Asp.Net Core Empty.csproj", "{2F695F09-418B-410E-BBAE-72B4EE689985}"
EndProject
Global
	GlobalSection(SolutionConfigurationPlatforms) = preSolution
		Debug|Any CPU = Debug|Any CPU
		Release|Any CPU = Release|Any CPU
	EndGlobalSection
	GlobalSection(ProjectConfigurationPlatforms) = postSolution
		{2F695F09-418B-410E-BBAE-72B4EE689985}.Debug|Any CPU.ActiveCfg = Debug|Any CPU
		{2F695F09-418B-410E-BBAE-72B4EE689985}.Debug|Any CPU.Build.0 = Debug|Any CPU
		{2F695F09-418B-410E-BBAE-72B4EE689985}.Release|Any CPU.ActiveCfg = Release|Any CPU
		{2F695F09-418B-410E-BBAE-72B4EE689985}.Release|Any CPU.Build.0 = Release|Any CPU
	EndGlobalSection
	GlobalSection(SolutionProperties) = preSolution
		HideSolutionNode = FALSE
	EndGlobalSection
	GlobalSection(ExtensibilityGlobals) = postSolution
		SolutionGuid = {00484173-000F-4671-AB02-54B6F6E794AE}
	EndGlobalSection
EndGlobal
